
Microsoft Visual Studio Solution File, Format Version 12.00
# Visual Studio Version 17
VisualStudioVersion = 17.1.32421.90
MinimumVisualStudioVersion = 10.0.40219.1
Project("{9A19103F-16F7-4668-BE54-9A1E7A4F7556}") = "EShoppingEntity", "EShopping\EShoppingEntity.csproj", "{11745CA9-48FD-48B6-8153-DC102A2A46CC}"
EndProject
Project("{9A19103F-16F7-4668-BE54-9A1E7A4F7556}") = "EShoppingApi", "EShoppingApi\EShoppingApi.csproj", "{A6AAED93-5922-4529-B577-E4ECB47C11E0}"
EndProject
Project("{FAE04EC0-301F-11D3-BF4B-00C04F79EFBC}") = "EShoppingApp", "EShoppingApp\EShoppingApp.csproj", "{92B44B69-251E-4755-85D6-CAA406B68250}"
EndProject
Global
	GlobalSection(SolutionConfigurationPlatforms) = preSolution
		Debug|Any CPU = Debug|Any CPU
		Release|Any CPU = Release|Any CPU
	EndGlobalSection
	GlobalSection(ProjectConfigurationPlatforms) = postSolution
		{11745CA9-48FD-48B6-8153-DC102A2A46CC}.Debug|Any CPU.ActiveCfg = Debug|Any CPU
		{11745CA9-48FD-48B6-8153-DC102A2A46CC}.Debug|Any CPU.Build.0 = Debug|Any CPU
		{11745CA9-48FD-48B6-8153-DC102A2A46CC}.Release|Any CPU.ActiveCfg = Release|Any CPU
		{11745CA9-48FD-48B6-8153-DC102A2A46CC}.Release|Any CPU.Build.0 = Release|Any CPU
		{A6AAED93-5922-4529-B577-E4ECB47C11E0}.Debug|Any CPU.ActiveCfg = Debug|Any CPU
		{A6AAED93-5922-4529-B577-E4ECB47C11E0}.Debug|Any CPU.Build.0 = Debug|Any CPU
		{A6AAED93-5922-4529-B577-E4ECB47C11E0}.Release|Any CPU.ActiveCfg = Release|Any CPU
		{A6AAED93-5922-4529-B577-E4ECB47C11E0}.Release|Any CPU.Build.0 = Release|Any CPU
		{92B44B69-251E-4755-85D6-CAA406B68250}.Debug|Any CPU.ActiveCfg = Debug|Any CPU
		{92B44B69-251E-4755-85D6-CAA406B68250}.Debug|Any CPU.Build.0 = Debug|Any CPU
		{92B44B69-251E-4755-85D6-CAA406B68250}.Release|Any CPU.ActiveCfg = Release|Any CPU
		{92B44B69-251E-4755-85D6-CAA406B68250}.Release|Any CPU.Build.0 = Release|Any CPU
	EndGlobalSection
	GlobalSection(SolutionProperties) = preSolution
		HideSolutionNode = FALSE
	EndGlobalSection
	GlobalSection(ExtensibilityGlobals) = postSolution
		SolutionGuid = {ADCB5CDD-9BB7-404E-A52A-56017E4CA7FD}
	EndGlobalSection
EndGlobal
